
Microsoft Visual Studio Solution File, Format Version 12.00
# Visual Studio Version 17
VisualStudioVersion = 17.11.35303.130
MinimumVisualStudioVersion = 10.0.40219.1
Project("{FAE04EC0-301F-11D3-BF4B-00C04F79EFBC}") = "HelloWorld]", "HelloWorld]\HelloWorld].csproj", "{59159EEB-A724-4BBC-ABE3-852EB9230F19}"
EndProject
Global
	GlobalSection(SolutionConfigurationPlatforms) = preSolution
		Debug|Any CPU = Debug|Any CPU
		Release|Any CPU = Release|Any CPU
	EndGlobalSection
	GlobalSection(ProjectConfigurationPlatforms) = postSolution
		{59159EEB-A724-4BBC-ABE3-852EB9230F19}.Debug|Any CPU.ActiveCfg = Debug|Any CPU
		{59159EEB-A724-4BBC-ABE3-852EB9230F19}.Debug|Any CPU.Build.0 = Debug|Any CPU
		{59159EEB-A724-4BBC-ABE3-852EB9230F19}.Release|Any CPU.ActiveCfg = Release|Any CPU
		{59159EEB-A724-4BBC-ABE3-852EB9230F19}.Release|Any CPU.Build.0 = Release|Any CPU
	EndGlobalSection
	GlobalSection(SolutionProperties) = preSolution
		HideSolutionNode = FALSE
	EndGlobalSection
	GlobalSection(ExtensibilityGlobals) = postSolution
		SolutionGuid = {E97CF4EF-3CD1-4259-92DE-CA8542DF45CA}
	EndGlobalSection
EndGlobal
